
Microsoft Visual Studio Solution File, Format Version 12.00
# Visual Studio Version 17
VisualStudioVersion = 17.0.31903.59
MinimumVisualStudioVersion = 10.0.40219.1
Project("{2150E333-8FDC-42A3-9474-1A3956D46DE8}") = "src", "src", "{4D5237FB-6FF3-410F-92A6-42FF1914E86C}"
EndProject
Project("{2150E333-8FDC-42A3-9474-1A3956D46DE8}") = "tests", "tests", "{C28DD208-65E3-48B1-A9D7-5E743212C7AC}"
EndProject
Project("{9A19103F-16F7-4668-BE54-9A1E7A4F7556}") = "Modularis.Infrastructure", "src\Modularis.Infrastructure\Modularis.Infrastructure.csproj", "{8376C8C4-0932-4C69-AAEE-717CB43925D1}"
EndProject
Project("{9A19103F-16F7-4668-BE54-9A1E7A4F7556}") = "Modularis.SharedKernel", "src\Modularis.SharedKernel\Modularis.SharedKernel.csproj", "{7EF4C49B-96FF-457F-AD02-C0CD1ED22AC0}"
EndProject
Project("{9A19103F-16F7-4668-BE54-9A1E7A4F7556}") = "Modularis.WebApi", "src\Modularis.WebApi\Modularis.WebApi.csproj", "{4B889FA5-C976-427E-8B08-FC9987B15CF8}"
EndProject
Project("{2150E333-8FDC-42A3-9474-1A3956D46DE8}") = "Sku", "Sku", "{66B0EBE6-9A11-4A87-823E-3370E009F11C}"
EndProject
Project("{9A19103F-16F7-4668-BE54-9A1E7A4F7556}") = "Modularis.SkuModule.Domain", "src\Modularis.SkuModule.Domain\Modularis.SkuModule.Domain.csproj", "{D2A6FFC7-9E9C-494D-B5E2-87235E3911D6}"
EndProject
Project("{FAE04EC0-301F-11D3-BF4B-00C04F79EFBC}") = "Modularis.SkuModule.UseCases", "src\Modularis.SkuModule.UseCases\Modularis.SkuModule.UseCases.csproj", "{62D8D8FF-7118-43FE-9FCC-8D5A7F997347}"
EndProject
Project("{2150E333-8FDC-42A3-9474-1A3956D46DE8}") = "Health", "Health", "{A7D2D324-4FAD-4B98-8EBD-1E68B37D933E}"
EndProject
Project("{FAE04EC0-301F-11D3-BF4B-00C04F79EFBC}") = "Modularis.HealthModule.UseCases", "src\Modularis.HealthModule.UseCases\Modularis.HealthModule.UseCases.csproj", "{508618D9-528B-4DCC-AAD6-DC284BC280A2}"
EndProject
Global
	GlobalSection(SolutionConfigurationPlatforms) = preSolution
		Debug|Any CPU = Debug|Any CPU
		Release|Any CPU = Release|Any CPU
	EndGlobalSection
	GlobalSection(ProjectConfigurationPlatforms) = postSolution
		{8376C8C4-0932-4C69-AAEE-717CB43925D1}.Debug|Any CPU.ActiveCfg = Debug|Any CPU
		{8376C8C4-0932-4C69-AAEE-717CB43925D1}.Debug|Any CPU.Build.0 = Debug|Any CPU
		{8376C8C4-0932-4C69-AAEE-717CB43925D1}.Release|Any CPU.ActiveCfg = Release|Any CPU
		{8376C8C4-0932-4C69-AAEE-717CB43925D1}.Release|Any CPU.Build.0 = Release|Any CPU
		{7EF4C49B-96FF-457F-AD02-C0CD1ED22AC0}.Debug|Any CPU.ActiveCfg = Debug|Any CPU
		{7EF4C49B-96FF-457F-AD02-C0CD1ED22AC0}.Debug|Any CPU.Build.0 = Debug|Any CPU
		{7EF4C49B-96FF-457F-AD02-C0CD1ED22AC0}.Release|Any CPU.ActiveCfg = Release|Any CPU
		{7EF4C49B-96FF-457F-AD02-C0CD1ED22AC0}.Release|Any CPU.Build.0 = Release|Any CPU
		{4B889FA5-C976-427E-8B08-FC9987B15CF8}.Debug|Any CPU.ActiveCfg = Debug|Any CPU
		{4B889FA5-C976-427E-8B08-FC9987B15CF8}.Debug|Any CPU.Build.0 = Debug|Any CPU
		{4B889FA5-C976-427E-8B08-FC9987B15CF8}.Release|Any CPU.ActiveCfg = Release|Any CPU
		{4B889FA5-C976-427E-8B08-FC9987B15CF8}.Release|Any CPU.Build.0 = Release|Any CPU
		{D2A6FFC7-9E9C-494D-B5E2-87235E3911D6}.Debug|Any CPU.ActiveCfg = Debug|Any CPU
		{D2A6FFC7-9E9C-494D-B5E2-87235E3911D6}.Debug|Any CPU.Build.0 = Debug|Any CPU
		{D2A6FFC7-9E9C-494D-B5E2-87235E3911D6}.Release|Any CPU.ActiveCfg = Release|Any CPU
		{D2A6FFC7-9E9C-494D-B5E2-87235E3911D6}.Release|Any CPU.Build.0 = Release|Any CPU
		{62D8D8FF-7118-43FE-9FCC-8D5A7F997347}.Debug|Any CPU.ActiveCfg = Debug|Any CPU
		{62D8D8FF-7118-43FE-9FCC-8D5A7F997347}.Debug|Any CPU.Build.0 = Debug|Any CPU
		{62D8D8FF-7118-43FE-9FCC-8D5A7F997347}.Release|Any CPU.ActiveCfg = Release|Any CPU
		{62D8D8FF-7118-43FE-9FCC-8D5A7F997347}.Release|Any CPU.Build.0 = Release|Any CPU
		{508618D9-528B-4DCC-AAD6-DC284BC280A2}.Debug|Any CPU.ActiveCfg = Debug|Any CPU
		{508618D9-528B-4DCC-AAD6-DC284BC280A2}.Debug|Any CPU.Build.0 = Debug|Any CPU
		{508618D9-528B-4DCC-AAD6-DC284BC280A2}.Release|Any CPU.ActiveCfg = Release|Any CPU
		{508618D9-528B-4DCC-AAD6-DC284BC280A2}.Release|Any CPU.Build.0 = Release|Any CPU
	EndGlobalSection
	GlobalSection(SolutionProperties) = preSolution
		HideSolutionNode = FALSE
	EndGlobalSection
	GlobalSection(NestedProjects) = preSolution
		{8376C8C4-0932-4C69-AAEE-717CB43925D1} = {4D5237FB-6FF3-410F-92A6-42FF1914E86C}
		{7EF4C49B-96FF-457F-AD02-C0CD1ED22AC0} = {4D5237FB-6FF3-410F-92A6-42FF1914E86C}
		{4B889FA5-C976-427E-8B08-FC9987B15CF8} = {4D5237FB-6FF3-410F-92A6-42FF1914E86C}
		{66B0EBE6-9A11-4A87-823E-3370E009F11C} = {4D5237FB-6FF3-410F-92A6-42FF1914E86C}
		{D2A6FFC7-9E9C-494D-B5E2-87235E3911D6} = {66B0EBE6-9A11-4A87-823E-3370E009F11C}
		{62D8D8FF-7118-43FE-9FCC-8D5A7F997347} = {66B0EBE6-9A11-4A87-823E-3370E009F11C}
		{A7D2D324-4FAD-4B98-8EBD-1E68B37D933E} = {4D5237FB-6FF3-410F-92A6-42FF1914E86C}
		{508618D9-528B-4DCC-AAD6-DC284BC280A2} = {A7D2D324-4FAD-4B98-8EBD-1E68B37D933E}
	EndGlobalSection
	GlobalSection(ExtensibilityGlobals) = postSolution
		SolutionGuid = {31B78A2B-BD84-451D-A888-678A894A7DFE}
	EndGlobalSection
EndGlobal
